// !$*UTF8*$!
{
	archiveVersion = 1;
	classes = {
	};
	objectVersion = 77;
	objects = {

/* Begin PBXBuildFile section */
		62B38519306DAF6C0038ED05 /* AppDelegate.swift in Sources */ = {isa = PBXBuildFile; fileRef = 62B38518306DAF6C0038ED05 /* AppDelegate.swift */; };
		62B3851D306DAF6C0038ED05 /* Main.html in Resources */ = {isa = PBXBuildFile; fileRef = 62B3851B306DAF6C0038ED05 /* Main.html */; };
		62B3851F306DAF6C0038ED05 /* Icon.png in Resources */ = {isa = PBXBuildFile; fileRef = 62B3851E306DAF6C0038ED05 /* Icon.png */; };
		62B38521306DAF6C0038ED05 /* Style.css in Resources */ = {isa = PBXBuildFile; fileRef = 62B38520306DAF6C0038ED05 /* Style.css */; };
		62B38523306DAF6C0038ED05 /* Script.js in Resources */ = {isa = PBXBuildFile; fileRef = 62B38522306DAF6C0038ED05 /* Script.js */; };
		62B38525306DAF6C0038ED05 /* ViewController.swift in Sources */ = {isa = PBXBuildFile; fileRef = 62B38524306DAF6C0038ED05 /* ViewController.swift */; };
		62B38528306DAF6C0038ED05 /* Main.storyboard in Resources */ = {isa = PBXBuildFile; fileRef = 62B38526306DAF6C0038ED05 /* Main.storyboard */; };
		62B3852A306DAF6D0038ED05 /* Assets.xcassets in Resources */ = {isa = PBXBuildFile; fileRef = 62B38529306DAF6D0038ED05 /* Assets.xcassets */; };
		62B38531306DAF6D0038ED05 /* System Shade Extension.appex in Embed Foundation Extensions */ = {isa = PBXBuildFile; fileRef = 62B38530306DAF6D0038ED05 /* System Shade Extension.appex */; settings = {ATTRIBUTES = (RemoveHeadersOnCopy, ); }; };
		62B38536306DAF6D0038ED05 /* SafariWebExtensionHandler.swift in Sources */ = {isa = PBXBuildFile; fileRef = 62B38535306DAF6D0038ED05 /* SafariWebExtensionHandler.swift */; };
		62B3854A306DAF6D0038ED05 /* popup.js in Resources */ = {isa = PBXBuildFile; fileRef = 62B38542306DAF6D0038ED05 /* popup.js */; };
		62B3854B306DAF6D0038ED05 /* popup.html in Resources */ = {isa = PBXBuildFile; fileRef = 62B38543306DAF6D0038ED05 /* popup.html */; };
		62B3854C306DAF6D0038ED05 /* appearance.js in Resources */ = {isa = PBXBuildFile; fileRef = 62B38544306DAF6D0038ED05 /* appearance.js */; };
		62B3854D306DAF6D0038ED05 /* icons in Resources */ = {isa = PBXBuildFile; fileRef = 62B38545306DAF6D0038ED05 /* icons */; };
		62B3854E306DAF6D0038ED05 /* manifest.json in Resources */ = {isa = PBXBuildFile; fileRef = 62B38546306DAF6D0038ED05 /* manifest.json */; };
		62B3854F306DAF6D0038ED05 /* popup.css in Resources */ = {isa = PBXBuildFile; fileRef = 62B38547306DAF6D0038ED05 /* popup.css */; };
		62B38550306DAF6D0038ED05 /* content.js in Resources */ = {isa = PBXBuildFile; fileRef = 62B38548306DAF6D0038ED05 /* content.js */; };
		62B38551306DAF6D0038ED05 /* vendor in Resources */ = {isa = PBXBuildFile; fileRef = 62B38549306DAF6D0038ED05 /* vendor */; };
/* End PBXBuildFile section */

/* Begin PBXContainerItemProxy section */
		62B38532306DAF6D0038ED05 /* PBXContainerItemProxy */ = {
			isa = PBXContainerItemProxy;
			containerPortal = 62B3850D306DAF6C0038ED05 /* Project object */;
			proxyType = 1;
			remoteGlobalIDString = 62B3852F306DAF6D0038ED05;
			remoteInfo = "System Shade Extension";
		};
/* End PBXContainerItemProxy section */

/* Begin PBXCopyFilesBuildPhase section */
		62B3853D306DAF6D0038ED05 /* Embed Foundation Extensions */ = {
			isa = PBXCopyFilesBuildPhase;
			buildActionMask = 2147483647;
			dstPath = "";
			dstSubfolderSpec = 13;
			files = (
				62B38531306DAF6D0038ED05 /* System Shade Extension.appex in Embed Foundation Extensions */,
			);
			name = "Embed Foundation Extensions";
			runOnlyForDeploymentPostprocessing = 0;
		};
/* End PBXCopyFilesBuildPhase section */

/* Begin PBXFileReference section */
		62B38515306DAF6C0038ED05 /* System Shade.app */ = {isa = PBXFileReference; explicitFileType = wrapper.application; includeInIndex = 0; path = "System Shade.app"; sourceTree = BUILT_PRODUCTS_DIR; };
		62B38518306DAF6C0038ED05 /* AppDelegate.swift */ = {isa = PBXFileReference; lastKnownFileType = sourcecode.swift; path = AppDelegate.swift; sourceTree = "<group>"; };
		62B3851C306DAF6C0038ED05 /* Base */ = {isa = PBXFileReference; lastKnownFileType = text.html; name = Base; path = Base.lproj/Main.html; sourceTree = "<group>"; };
		62B3851E306DAF6C0038ED05 /* Icon.png */ = {isa = PBXFileReference; lastKnownFileType = image.png; path = Icon.png; sourceTree = "<group>"; };
		62B38520306DAF6C0038ED05 /* Style.css */ = {isa = PBXFileReference; lastKnownFileType = text.css; path = Style.css; sourceTree = "<group>"; };
		62B38522306DAF6C0038ED05 /* Script.js */ = {isa = PBXFileReference; lastKnownFileType = sourcecode.javascript; path = Script.js; sourceTree = "<group>"; };
		62B38524306DAF6C0038ED05 /* ViewController.swift */ = {isa = PBXFileReference; lastKnownFileType = sourcecode.swift; path = ViewController.swift; sourceTree = "<group>"; };
		62B38527306DAF6C0038ED05 /* Base */ = {isa = PBXFileReference; lastKnownFileType = file.storyboard; name = Base; path = Base.lproj/Main.storyboard; sourceTree = "<group>"; };
		62B38529306DAF6D0038ED05 /* Assets.xcassets */ = {isa = PBXFileReference; lastKnownFileType = folder.assetcatalog; path = Assets.xcassets; sourceTree = "<group>"; };
		62B3852B306DAF6D0038ED05 /* Info.plist */ = {isa = PBXFileReference; lastKnownFileType = text.plist.xml; path = Info.plist; sourceTree = "<group>"; };
		62B38530306DAF6D0038ED05 /* System Shade Extension.appex */ = {isa = PBXFileReference; explicitFileType = "wrapper.app-extension"; includeInIndex = 0; path = "System Shade Extension.appex"; sourceTree = BUILT_PRODUCTS_DIR; };
		62B38535306DAF6D0038ED05 /* SafariWebExtensionHandler.swift */ = {isa = PBXFileReference; lastKnownFileType = sourcecode.swift; path = SafariWebExtensionHandler.swift; sourceTree = "<group>"; };
		62B38537306DAF6D0038ED05 /* Info.plist */ = {isa = PBXFileReference; lastKnownFileType = text.plist.xml; path = Info.plist; sourceTree = "<group>"; };
		62B38542306DAF6D0038ED05 /* popup.js */ = {isa = PBXFileReference; lastKnownFileType = sourcecode.javascript; name = popup.js; path = ../../../extension/popup.js; sourceTree = "<group>"; };
		62B38543306DAF6D0038ED05 /* popup.html */ = {isa = PBXFileReference; lastKnownFileType = text.html; name = popup.html; path = ../../../extension/popup.html; sourceTree = "<group>"; };
		62B38544306DAF6D0038ED05 /* appearance.js */ = {isa = PBXFileReference; lastKnownFileType = sourcecode.javascript; name = appearance.js; path = ../../../extension/appearance.js; sourceTree = "<group>"; };
		62B38545306DAF6D0038ED05 /* icons */ = {isa = PBXFileReference; lastKnownFileType = folder; name = icons; path = ../../../extension/icons; sourceTree = "<group>"; };
		62B38546306DAF6D0038ED05 /* manifest.json */ = {isa = PBXFileReference; lastKnownFileType = text.json; name = manifest.json; path = ../../../extension/manifest.json; sourceTree = "<group>"; };
		62B38547306DAF6D0038ED05 /* popup.css */ = {isa = PBXFileReference; lastKnownFileType = text.css; name = popup.css; path = ../../../extension/popup.css; sourceTree = "<group>"; };
		62B38548306DAF6D0038ED05 /* content.js */ = {isa = PBXFileReference; lastKnownFileType = sourcecode.javascript; name = content.js; path = ../../../extension/content.js; sourceTree = "<group>"; };
		62B38549306DAF6D0038ED05 /* vendor */ = {isa = PBXFileReference; lastKnownFileType = folder; name = vendor; path = ../../../extension/vendor; sourceTree = "<group>"; };
/* End PBXFileReference section */

/* Begin PBXFrameworksBuildPhase section */
		62B38512306DAF6C0038ED05 /* Frameworks */ = {
			isa = PBXFrameworksBuildPhase;
			buildActionMask = 2147483647;
			files = (
			);
			runOnlyForDeploymentPostprocessing = 0;
		};
		62B3852D306DAF6D0038ED05 /* Frameworks */ = {
			isa = PBXFrameworksBuildPhase;
			buildActionMask = 2147483647;
			files = (
			);
			runOnlyForDeploymentPostprocessing = 0;
		};
/* End PBXFrameworksBuildPhase section */

/* Begin PBXGroup section */
		62B3850C306DAF6C0038ED05 = {
			isa = PBXGroup;
			children = (
				62B38517306DAF6C0038ED05 /* System Shade */,
				62B38534306DAF6D0038ED05 /* System Shade Extension */,
				62B38516306DAF6C0038ED05 /* Products */,
			);
			sourceTree = "<group>";
		};
		62B38516306DAF6C0038ED05 /* Products */ = {
			isa = PBXGroup;
			children = (
				62B38515306DAF6C0038ED05 /* System Shade.app */,
				62B38530306DAF6D0038ED05 /* System Shade Extension.appex */,
			);
			name = Products;
			sourceTree = "<group>";
		};
		62B38517306DAF6C0038ED05 /* System Shade */ = {
			isa = PBXGroup;
			children = (
				62B38518306DAF6C0038ED05 /* AppDelegate.swift */,
				62B38524306DAF6C0038ED05 /* ViewController.swift */,
				62B38526306DAF6C0038ED05 /* Main.storyboard */,
				62B38529306DAF6D0038ED05 /* Assets.xcassets */,
				62B3852B306DAF6D0038ED05 /* Info.plist */,
				62B3851A306DAF6C0038ED05 /* Resources */,
			);
			path = "System Shade";
			sourceTree = "<group>";
		};
		62B3851A306DAF6C0038ED05 /* Resources */ = {
			isa = PBXGroup;
			children = (
				62B3851B306DAF6C0038ED05 /* Main.html */,
				62B3851E306DAF6C0038ED05 /* Icon.png */,
				62B38520306DAF6C0038ED05 /* Style.css */,
				62B38522306DAF6C0038ED05 /* Script.js */,
			);
			path = Resources;
			sourceTree = "<group>";
		};
		62B38534306DAF6D0038ED05 /* System Shade Extension */ = {
			isa = PBXGroup;
			children = (
				62B38541306DAF6D0038ED05 /* Resources */,
				62B38535306DAF6D0038ED05 /* SafariWebExtensionHandler.swift */,
				62B38537306DAF6D0038ED05 /* Info.plist */,
			);
			path = "System Shade Extension";
			sourceTree = "<group>";
		};
		62B38541306DAF6D0038ED05 /* Resources */ = {
			isa = PBXGroup;
			children = (
				62B38542306DAF6D0038ED05 /* popup.js */,
				62B38543306DAF6D0038ED05 /* popup.html */,
				62B38544306DAF6D0038ED05 /* appearance.js */,
				62B38545306DAF6D0038ED05 /* icons */,
				62B38546306DAF6D0038ED05 /* manifest.json */,
				62B38547306DAF6D0038ED05 /* popup.css */,
				62B38548306DAF6D0038ED05 /* content.js */,
				62B38549306DAF6D0038ED05 /* vendor */,
			);
			name = Resources;
			path = "System Shade Extension";
			sourceTree = SOURCE_ROOT;
		};
/* End PBXGroup section */

/* Begin PBXNativeTarget section */
		62B38514306DAF6C0038ED05 /* System Shade */ = {
			isa = PBXNativeTarget;
			buildConfigurationList = 62B3853E306DAF6D0038ED05 /* Build configuration list for PBXNativeTarget "System Shade" */;
			buildPhases = (
				62B38511306DAF6C0038ED05 /* Sources */,
				62B38512306DAF6C0038ED05 /* Frameworks */,
				62B38513306DAF6C0038ED05 /* Resources */,
				62B3853D306DAF6D0038ED05 /* Embed Foundation Extensions */,
			);
			buildRules = (
			);
			dependencies = (
				62B38533306DAF6D0038ED05 /* PBXTargetDependency */,
			);
			name = "System Shade";
			packageProductDependencies = (
			);
			productName = "System Shade";
			productReference = 62B38515306DAF6C0038ED05 /* System Shade.app */;
			productType = "com.apple.product-type.application";
		};
		62B3852F306DAF6D0038ED05 /* System Shade Extension */ = {
			isa = PBXNativeTarget;
			buildConfigurationList = 62B3853A306DAF6D0038ED05 /* Build configuration list for PBXNativeTarget "System Shade Extension" */;
			buildPhases = (
				62B3852C306DAF6D0038ED05 /* Sources */,
				62B3852D306DAF6D0038ED05 /* Frameworks */,
				62B3852E306DAF6D0038ED05 /* Resources */,
			);
			buildRules = (
			);
			dependencies = (
			);
			name = "System Shade Extension";
			packageProductDependencies = (
			);
			productName = "System Shade Extension";
			productReference = 62B38530306DAF6D0038ED05 /* System Shade Extension.appex */;
			productType = "com.apple.product-type.app-extension";
		};
/* End PBXNativeTarget section */

/* Begin PBXProject section */
		62B3850D306DAF6C0038ED05 /* Project object */ = {
			isa = PBXProject;
			attributes = {
				BuildIndependentTargetsInParallel = 1;
				LastSwiftUpdateCheck = 2660;
				LastUpgradeCheck = 2660;
				TargetAttributes = {
					62B38514306DAF6C0038ED05 = {
						CreatedOnToolsVersion = 26.6;
					};
					62B3852F306DAF6D0038ED05 = {
						CreatedOnToolsVersion = 26.6;
					};
				};
			};
			buildConfigurationList = 62B38510306DAF6C0038ED05 /* Build configuration list for PBXProject "System Shade" */;
			developmentRegion = en;
			hasScannedForEncodings = 0;
			knownRegions = (
				en,
				Base,
			);
			mainGroup = 62B3850C306DAF6C0038ED05;
			minimizedProjectReferenceProxies = 1;
			preferredProjectObjectVersion = 77;
			productRefGroup = 62B38516306DAF6C0038ED05 /* Products */;
			projectDirPath = "";
			projectRoot = "";
			targets = (
				62B38514306DAF6C0038ED05 /* System Shade */,
				62B3852F306DAF6D0038ED05 /* System Shade Extension */,
			);
		};
/* End PBXProject section */

/* Begin PBXResourcesBuildPhase section */
		62B38513306DAF6C0038ED05 /* Resources */ = {
			isa = PBXResourcesBuildPhase;
			buildActionMask = 2147483647;
			files = (
				62B3851F306DAF6C0038ED05 /* Icon.png in Resources */,
				62B38528306DAF6C0038ED05 /* Main.storyboard in Resources */,
				62B38523306DAF6C0038ED05 /* Script.js in Resources */,
				62B3851D306DAF6C0038ED05 /* Main.html in Resources */,
				62B3852A306DAF6D0038ED05 /* Assets.xcassets in Resources */,
				62B38521306DAF6C0038ED05 /* Style.css in Resources */,
			);
			runOnlyForDeploymentPostprocessing = 0;
		};
		62B3852E306DAF6D0038ED05 /* Resources */ = {
			isa = PBXResourcesBuildPhase;
			buildActionMask = 2147483647;
			files = (
				62B3854A306DAF6D0038ED05 /* popup.js in Resources */,
				62B3854D306DAF6D0038ED05 /* icons in Resources */,
				62B3854F306DAF6D0038ED05 /* popup.css in Resources */,
				62B3854E306DAF6D0038ED05 /* manifest.json in Resources */,
				62B38551306DAF6D0038ED05 /* vendor in Resources */,
				62B3854C306DAF6D0038ED05 /* appearance.js in Resources */,
				62B38550306DAF6D0038ED05 /* content.js in Resources */,
				62B3854B306DAF6D0038ED05 /* popup.html in Resources */,
			);
			runOnlyForDeploymentPostprocessing = 0;
		};
/* End PBXResourcesBuildPhase section */

/* Begin PBXSourcesBuildPhase section */
		62B38511306DAF6C0038ED05 /* Sources */ = {
			isa = PBXSourcesBuildPhase;
			buildActionMask = 2147483647;
			files = (
				62B38525306DAF6C0038ED05 /* ViewController.swift in Sources */,
				62B38519306DAF6C0038ED05 /* AppDelegate.swift in Sources */,
			);
			runOnlyForDeploymentPostprocessing = 0;
		};
		62B3852C306DAF6D0038ED05 /* Sources */ = {
			isa = PBXSourcesBuildPhase;
			buildActionMask = 2147483647;
			files = (
				62B38536306DAF6D0038ED05 /* SafariWebExtensionHandler.swift in Sources */,
			);
			runOnlyForDeploymentPostprocessing = 0;
		};
/* End PBXSourcesBuildPhase section */

/* Begin PBXTargetDependency section */
		62B38533306DAF6D0038ED05 /* PBXTargetDependency */ = {
			isa = PBXTargetDependency;
			target = 62B3852F306DAF6D0038ED05 /* System Shade Extension */;
			targetProxy = 62B38532306DAF6D0038ED05 /* PBXContainerItemProxy */;
		};
/* End PBXTargetDependency section */

/* Begin PBXVariantGroup section */
		62B3851B306DAF6C0038ED05 /* Main.html */ = {
			isa = PBXVariantGroup;
			children = (
				62B3851C306DAF6C0038ED05 /* Base */,
			);
			name = Main.html;
			sourceTree = "<group>";
		};
		62B38526306DAF6C0038ED05 /* Main.storyboard */ = {
			isa = PBXVariantGroup;
			children = (
				62B38527306DAF6C0038ED05 /* Base */,
			);
			name = Main.storyboard;
			sourceTree = "<group>";
		};
/* End PBXVariantGroup section */

/* Begin XCBuildConfiguration section */
		62B38538306DAF6D0038ED05 /* Debug */ = {
			isa = XCBuildConfiguration;
			buildSettings = {
				ALWAYS_SEARCH_USER_PATHS = NO;
				ASSETCATALOG_COMPILER_GENERATE_SWIFT_ASSET_SYMBOL_EXTENSIONS = YES;
				CLANG_ANALYZER_NONNULL = YES;
				CLANG_ANALYZER_NUMBER_OBJECT_CONVERSION = YES_AGGRESSIVE;
				CLANG_CXX_LANGUAGE_STANDARD = "gnu++20";
				CLANG_ENABLE_MODULES = YES;
				CLANG_ENABLE_OBJC_ARC = YES;
				CLANG_ENABLE_OBJC_WEAK = YES;
				CLANG_WARN_BLOCK_CAPTURE_AUTORELEASING = YES;
				CLANG_WARN_BOOL_CONVERSION = YES;
				CLANG_WARN_COMMA = YES;
				CLANG_WARN_CONSTANT_CONVERSION = YES;
				CLANG_WARN_DEPRECATED_OBJC_IMPLEMENTATIONS = YES;
				CLANG_WARN_DIRECT_OBJC_ISA_USAGE = YES_ERROR;
				CLANG_WARN_DOCUMENTATION_COMMENTS = YES;
				CLANG_WARN_EMPTY_BODY = YES;
				CLANG_WARN_ENUM_CONVERSION = YES;
				CLANG_WARN_INFINITE_RECURSION = YES;
				CLANG_WARN_INT_CONVERSION = YES;
				CLANG_WARN_NON_LITERAL_NULL_CONVERSION = YES;
				CLANG_WARN_OBJC_IMPLICIT_RETAIN_SELF = YES;
				CLANG_WARN_OBJC_LITERAL_CONVERSION = YES;
				CLANG_WARN_OBJC_ROOT_CLASS = YES_ERROR;
				CLANG_WARN_QUOTED_INCLUDE_IN_FRAMEWORK_HEADER = YES;
				CLANG_WARN_RANGE_LOOP_ANALYSIS = YES;
				CLANG_WARN_STRICT_PROTOTYPES = YES;
				CLANG_WARN_SUSPICIOUS_MOVE = YES;
				CLANG_WARN_UNGUARDED_AVAILABILITY = YES_AGGRESSIVE;
				CLANG_WARN_UNREACHABLE_CODE = YES;
				CLANG_WARN__DUPLICATE_METHOD_MATCH = YES;
				COPY_PHASE_STRIP = NO;
				DEBUG_INFORMATION_FORMAT = dwarf;
				ENABLE_STRICT_OBJC_MSGSEND = YES;
				ENABLE_TESTABILITY = YES;
				ENABLE_USER_SCRIPT_SANDBOXING = YES;
				GCC_C_LANGUAGE_STANDARD = gnu17;
				GCC_DYNAMIC_NO_PIC = NO;
				GCC_NO_COMMON_BLOCKS = YES;
				GCC_OPTIMIZATION_LEVEL = 0;
				GCC_PREPROCESSOR_DEFINITIONS = (
					"DEBUG=1",
					"$(inherited)",
				);
				GCC_WARN_64_TO_32_BIT_CONVERSION = YES;
				GCC_WARN_ABOUT_RETURN_TYPE = YES_ERROR;
				GCC_WARN_UNDECLARED_SELECTOR = YES;
				GCC_WARN_UNINITIALIZED_AUTOS = YES_AGGRESSIVE;
				GCC_WARN_UNUSED_FUNCTION = YES;
				GCC_WARN_UNUSED_VARIABLE = YES;
				LOCALIZATION_PREFERS_STRING_CATALOGS = YES;
				MACOSX_DEPLOYMENT_TARGET = 26.5;
				MTL_ENABLE_DEBUG_INFO = INCLUDE_SOURCE;
				MTL_FAST_MATH = YES;
				ONLY_ACTIVE_ARCH = YES;
				SDKROOT = macosx;
				SWIFT_ACTIVE_COMPILATION_CONDITIONS = "DEBUG $(inherited)";
				SWIFT_OPTIMIZATION_LEVEL = "-Onone";
			};
			name = Debug;
		};
		62B38539306DAF6D0038ED05 /* Release */ = {
			isa = XCBuildConfiguration;
			buildSettings = {
				ALWAYS_SEARCH_USER_PATHS = NO;
				ASSETCATALOG_COMPILER_GENERATE_SWIFT_ASSET_SYMBOL_EXTENSIONS = YES;
				CLANG_ANALYZER_NONNULL = YES;
				CLANG_ANALYZER_NUMBER_OBJECT_CONVERSION = YES_AGGRESSIVE;
				CLANG_CXX_LANGUAGE_STANDARD = "gnu++20";
				CLANG_ENABLE_MODULES = YES;
				CLANG_ENABLE_OBJC_ARC = YES;
				CLANG_ENABLE_OBJC_WEAK = YES;
				CLANG_WARN_BLOCK_CAPTURE_AUTORELEASING = YES;
				CLANG_WARN_BOOL_CONVERSION = YES;
				CLANG_WARN_COMMA = YES;
				CLANG_WARN_CONSTANT_CONVERSION = YES;
				CLANG_WARN_DEPRECATED_OBJC_IMPLEMENTATIONS = YES;
				CLANG_WARN_DIRECT_OBJC_ISA_USAGE = YES_ERROR;
				CLANG_WARN_DOCUMENTATION_COMMENTS = YES;
				CLANG_WARN_EMPTY_BODY = YES;
				CLANG_WARN_ENUM_CONVERSION = YES;
				CLANG_WARN_INFINITE_RECURSION = YES;
				CLANG_WARN_INT_CONVERSION = YES;
				CLANG_WARN_NON_LITERAL_NULL_CONVERSION = YES;
				CLANG_WARN_OBJC_IMPLICIT_RETAIN_SELF = YES;
				CLANG_WARN_OBJC_LITERAL_CONVERSION = YES;
				CLANG_WARN_OBJC_ROOT_CLASS = YES_ERROR;
				CLANG_WARN_QUOTED_INCLUDE_IN_FRAMEWORK_HEADER = YES;
				CLANG_WARN_RANGE_LOOP_ANALYSIS = YES;
				CLANG_WARN_STRICT_PROTOTYPES = YES;
				CLANG_WARN_SUSPICIOUS_MOVE = YES;
				CLANG_WARN_UNGUARDED_AVAILABILITY = YES_AGGRESSIVE;
				CLANG_WARN_UNREACHABLE_CODE = YES;
				CLANG_WARN__DUPLICATE_METHOD_MATCH = YES;
				COPY_PHASE_STRIP = NO;
				DEBUG_INFORMATION_FORMAT = "dwarf-with-dsym";
				ENABLE_NS_ASSERTIONS = NO;
				ENABLE_STRICT_OBJC_MSGSEND = YES;
				ENABLE_USER_SCRIPT_SANDBOXING = YES;
				GCC_C_LANGUAGE_STANDARD = gnu17;
				GCC_NO_COMMON_BLOCKS = YES;
				GCC_WARN_64_TO_32_BIT_CONVERSION = YES;
				GCC_WARN_ABOUT_RETURN_TYPE = YES_ERROR;
				GCC_WARN_UNDECLARED_SELECTOR = YES;
				GCC_WARN_UNINITIALIZED_AUTOS = YES_AGGRESSIVE;
				GCC_WARN_UNUSED_FUNCTION = YES;
				GCC_WARN_UNUSED_VARIABLE = YES;
				LOCALIZATION_PREFERS_STRING_CATALOGS = YES;
				MACOSX_DEPLOYMENT_TARGET = 26.5;
				MTL_ENABLE_DEBUG_INFO = NO;
				MTL_FAST_MATH = YES;
				SDKROOT = macosx;
				SWIFT_COMPILATION_MODE = wholemodule;
			};
			name = Release;
		};
		62B3853B306DAF6D0038ED05 /* Debug */ = {
			isa = XCBuildConfiguration;
			buildSettings = {
				CODE_SIGN_STYLE = Automatic;
				CURRENT_PROJECT_VERSION = 1;
				ENABLE_APP_SANDBOX = YES;
				ENABLE_HARDENED_RUNTIME = YES;
				ENABLE_USER_SELECTED_FILES = readonly;
				GENERATE_INFOPLIST_FILE = YES;
				INFOPLIST_FILE = "System Shade Extension/Info.plist";
				INFOPLIST_KEY_CFBundleDisplayName = "System Shade Extension";
				INFOPLIST_KEY_NSHumanReadableCopyright = "";
				LD_RUNPATH_SEARCH_PATHS = (
					"$(inherited)",
					"@executable_path/../Frameworks",
					"@executable_path/../../../../Frameworks",
				);
				MACOSX_DEPLOYMENT_TARGET = 10.14;
				MARKETING_VERSION = 1.0;
				OTHER_LDFLAGS = (
					"-framework",
					SafariServices,
				);
				PRODUCT_BUNDLE_IDENTIFIER = com.cotyledonlab.systemshade.Extension;
				PRODUCT_NAME = "$(TARGET_NAME)";
				SKIP_INSTALL = YES;
				STRING_CATALOG_GENERATE_SYMBOLS = YES;
				SWIFT_APPROACHABLE_CONCURRENCY = YES;
				SWIFT_EMIT_LOC_STRINGS = YES;
				SWIFT_UPCOMING_FEATURE_MEMBER_IMPORT_VISIBILITY = YES;
				SWIFT_VERSION = 5.0;
			};
			name = Debug;
		};
		62B3853C306DAF6D0038ED05 /* Release */ = {
			isa = XCBuildConfiguration;
			buildSettings = {
				CODE_SIGN_STYLE = Automatic;
				CURRENT_PROJECT_VERSION = 1;
				ENABLE_APP_SANDBOX = YES;
				ENABLE_HARDENED_RUNTIME = YES;
				ENABLE_USER_SELECTED_FILES = readonly;
				GENERATE_INFOPLIST_FILE = YES;
				INFOPLIST_FILE = "System Shade Extension/Info.plist";
				INFOPLIST_KEY_CFBundleDisplayName = "System Shade Extension";
				INFOPLIST_KEY_NSHumanReadableCopyright = "";
				LD_RUNPATH_SEARCH_PATHS = (
					"$(inherited)",
					"@executable_path/../Frameworks",
					"@executable_path/../../../../Frameworks",
				);
				MACOSX_DEPLOYMENT_TARGET = 10.14;
				MARKETING_VERSION = 1.0;
				OTHER_LDFLAGS = (
					"-framework",
					SafariServices,
				);
				PRODUCT_BUNDLE_IDENTIFIER = com.cotyledonlab.systemshade.Extension;
				PRODUCT_NAME = "$(TARGET_NAME)";
				SKIP_INSTALL = YES;
				STRING_CATALOG_GENERATE_SYMBOLS = YES;
				SWIFT_APPROACHABLE_CONCURRENCY = YES;
				SWIFT_EMIT_LOC_STRINGS = YES;
				SWIFT_UPCOMING_FEATURE_MEMBER_IMPORT_VISIBILITY = YES;
				SWIFT_VERSION = 5.0;
			};
			name = Release;
		};
		62B3853F306DAF6D0038ED05 /* Debug */ = {
			isa = XCBuildConfiguration;
			buildSettings = {
				ASSETCATALOG_COMPILER_APPICON_NAME = AppIcon;
				ASSETCATALOG_COMPILER_GLOBAL_ACCENT_COLOR_NAME = AccentColor;
				CODE_SIGN_STYLE = Automatic;
				COMBINE_HIDPI_IMAGES = YES;
				CURRENT_PROJECT_VERSION = 1;
				ENABLE_APP_SANDBOX = YES;
				ENABLE_HARDENED_RUNTIME = YES;
				ENABLE_OUTGOING_NETWORK_CONNECTIONS = YES;
				ENABLE_USER_SELECTED_FILES = readonly;
				GENERATE_INFOPLIST_FILE = YES;
				INFOPLIST_FILE = "System Shade/Info.plist";
				INFOPLIST_KEY_CFBundleDisplayName = "System Shade";
				INFOPLIST_KEY_NSHumanReadableCopyright = "";
				INFOPLIST_KEY_NSMainStoryboardFile = Main;
				INFOPLIST_KEY_NSPrincipalClass = NSApplication;
				LD_RUNPATH_SEARCH_PATHS = (
					"$(inherited)",
					"@executable_path/../Frameworks",
				);
				MARKETING_VERSION = 1.0;
				OTHER_LDFLAGS = (
					"-framework",
					SafariServices,
					"-framework",
					WebKit,
				);
				PRODUCT_BUNDLE_IDENTIFIER = "com.cotyledonlab.systemshade";
				PRODUCT_NAME = "$(TARGET_NAME)";
				REGISTER_APP_GROUPS = YES;
				STRING_CATALOG_GENERATE_SYMBOLS = YES;
				SWIFT_APPROACHABLE_CONCURRENCY = YES;
				SWIFT_DEFAULT_ACTOR_ISOLATION = MainActor;
				SWIFT_EMIT_LOC_STRINGS = YES;
				SWIFT_UPCOMING_FEATURE_MEMBER_IMPORT_VISIBILITY = YES;
				SWIFT_VERSION = 5.0;
			};
			name = Debug;
		};
		62B38540306DAF6D0038ED05 /* Release */ = {
			isa = XCBuildConfiguration;
			buildSettings = {
				ASSETCATALOG_COMPILER_APPICON_NAME = AppIcon;
				ASSETCATALOG_COMPILER_GLOBAL_ACCENT_COLOR_NAME = AccentColor;
				CODE_SIGN_STYLE = Automatic;
				COMBINE_HIDPI_IMAGES = YES;
				CURRENT_PROJECT_VERSION = 1;
				ENABLE_APP_SANDBOX = YES;
				ENABLE_HARDENED_RUNTIME = YES;
				ENABLE_OUTGOING_NETWORK_CONNECTIONS = YES;
				ENABLE_USER_SELECTED_FILES = readonly;
				GENERATE_INFOPLIST_FILE = YES;
				INFOPLIST_FILE = "System Shade/Info.plist";
				INFOPLIST_KEY_CFBundleDisplayName = "System Shade";
				INFOPLIST_KEY_NSHumanReadableCopyright = "";
				INFOPLIST_KEY_NSMainStoryboardFile = Main;
				INFOPLIST_KEY_NSPrincipalClass = NSApplication;
				LD_RUNPATH_SEARCH_PATHS = (
					"$(inherited)",
					"@executable_path/../Frameworks",
				);
				MARKETING_VERSION = 1.0;
				OTHER_LDFLAGS = (
					"-framework",
					SafariServices,
					"-framework",
					WebKit,
				);
				PRODUCT_BUNDLE_IDENTIFIER = "com.cotyledonlab.systemshade";
				PRODUCT_NAME = "$(TARGET_NAME)";
				REGISTER_APP_GROUPS = YES;
				STRING_CATALOG_GENERATE_SYMBOLS = YES;
				SWIFT_APPROACHABLE_CONCURRENCY = YES;
				SWIFT_DEFAULT_ACTOR_ISOLATION = MainActor;
				SWIFT_EMIT_LOC_STRINGS = YES;
				SWIFT_UPCOMING_FEATURE_MEMBER_IMPORT_VISIBILITY = YES;
				SWIFT_VERSION = 5.0;
			};
			name = Release;
		};
/* End XCBuildConfiguration section */

/* Begin XCConfigurationList section */
		62B38510306DAF6C0038ED05 /* Build configuration list for PBXProject "System Shade" */ = {
			isa = XCConfigurationList;
			buildConfigurations = (
				62B38538306DAF6D0038ED05 /* Debug */,
				62B38539306DAF6D0038ED05 /* Release */,
			);
			defaultConfigurationIsVisible = 0;
			defaultConfigurationName = Release;
		};
		62B3853A306DAF6D0038ED05 /* Build configuration list for PBXNativeTarget "System Shade Extension" */ = {
			isa = XCConfigurationList;
			buildConfigurations = (
				62B3853B306DAF6D0038ED05 /* Debug */,
				62B3853C306DAF6D0038ED05 /* Release */,
			);
			defaultConfigurationIsVisible = 0;
			defaultConfigurationName = Release;
		};
		62B3853E306DAF6D0038ED05 /* Build configuration list for PBXNativeTarget "System Shade" */ = {
			isa = XCConfigurationList;
			buildConfigurations = (
				62B3853F306DAF6D0038ED05 /* Debug */,
				62B38540306DAF6D0038ED05 /* Release */,
			);
			defaultConfigurationIsVisible = 0;
			defaultConfigurationName = Release;
		};
/* End XCConfigurationList section */
	};
	rootObject = 62B3850D306DAF6C0038ED05 /* Project object */;
}
